
Microsoft Visual Studio Solution File, Format Version 12.00
# Visual Studio Version 16
VisualStudioVersion = 16.0.29920.165
MinimumVisualStudioVersion = 10.0.40219.1
Project("{FAE04EC0-301F-11D3-BF4B-00C04F79EFBC}") = "c-sharp-snake-game", "c-sharp-snake-game\c-sharp-snake-game.csproj", "{59346CBF-1B39-4EB8-9145-A2E99A9D3FF5}"
EndProject
Global
	GlobalSection(SolutionConfigurationPlatforms) = preSolution
		Debug|Any CPU = Debug|Any CPU
		Release|Any CPU = Release|Any CPU
	EndGlobalSection
	GlobalSection(ProjectConfigurationPlatforms) = postSolution
		{59346CBF-1B39-4EB8-9145-A2E99A9D3FF5}.Debug|Any CPU.ActiveCfg = Debug|Any CPU
		{59346CBF-1B39-4EB8-9145-A2E99A9D3FF5}.Debug|Any CPU.Build.0 = Debug|Any CPU
		{59346CBF-1B39-4EB8-9145-A2E99A9D3FF5}.Release|Any CPU.ActiveCfg = Release|Any CPU
		{59346CBF-1B39-4EB8-9145-A2E99A9D3FF5}.Release|Any CPU.Build.0 = Release|Any CPU
	EndGlobalSection
	GlobalSection(SolutionProperties) = preSolution
		HideSolutionNode = FALSE
	EndGlobalSection
	GlobalSection(ExtensibilityGlobals) = postSolution
		SolutionGuid = {A74E6AF5-4E72-4637-82AC-F36276B81155}
	EndGlobalSection
EndGlobal
